
Microsoft Visual Studio Solution File, Format Version 12.00
# Visual Studio Version 17
VisualStudioVersion = 17.5.33530.505
MinimumVisualStudioVersion = 10.0.40219.1
Project("{FAE04EC0-301F-11D3-BF4B-00C04F79EFBC}") = "0808GitPractice", "0808GitPractice\0808GitPractice.csproj", "{0D4EC11C-0800-4D38-99C3-3A193485A493}"
EndProject
Global
	GlobalSection(SolutionConfigurationPlatforms) = preSolution
		Debug|Any CPU = Debug|Any CPU
		Release|Any CPU = Release|Any CPU
	EndGlobalSection
	GlobalSection(ProjectConfigurationPlatforms) = postSolution
		{0D4EC11C-0800-4D38-99C3-3A193485A493}.Debug|Any CPU.ActiveCfg = Debug|Any CPU
		{0D4EC11C-0800-4D38-99C3-3A193485A493}.Debug|Any CPU.Build.0 = Debug|Any CPU
		{0D4EC11C-0800-4D38-99C3-3A193485A493}.Release|Any CPU.ActiveCfg = Release|Any CPU
		{0D4EC11C-0800-4D38-99C3-3A193485A493}.Release|Any CPU.Build.0 = Release|Any CPU
	EndGlobalSection
	GlobalSection(SolutionProperties) = preSolution
		HideSolutionNode = FALSE
	EndGlobalSection
	GlobalSection(ExtensibilityGlobals) = postSolution
		SolutionGuid = {026F00C8-A046-4008-8229-D51FE9AB8BD7}
	EndGlobalSection
EndGlobal
